
Microsoft Visual Studio Solution File, Format Version 12.00
# Visual Studio Version 16
VisualStudioVersion = 16.0.30413.136
MinimumVisualStudioVersion = 10.0.40219.1
Project("{FAE04EC0-301F-11D3-BF4B-00C04F79EFBC}") = "PS.Client.Web", "PS.Client.Web\PS.Client.Web.csproj", "{69BE8122-7282-475D-8F42-017D8D72B4C0}"
EndProject
Project("{FAE04EC0-301F-11D3-BF4B-00C04F79EFBC}") = "PS.Client.Api", "PS.Client.Api\PS.Client.Api.csproj", "{D5560EF1-B454-4C69-97E7-2F259D122FCA}"
EndProject
Project("{FAE04EC0-301F-11D3-BF4B-00C04F79EFBC}") = "PS.Application.DI", "PS.Application.DI\PS.Application.DI.csproj", "{0C456CF0-0A4A-4886-975B-69F2A84457BD}"
EndProject
Project("{FAE04EC0-301F-11D3-BF4B-00C04F79EFBC}") = "PS.Application.Services", "PS.Application.Services\PS.Application.Services.csproj", "{D350F16F-96F0-4E59-83E2-3E0B248E43E2}"
EndProject
Project("{FAE04EC0-301F-11D3-BF4B-00C04F79EFBC}") = "PS.Data", "PS.Data\PS.Data.csproj", "{3AAF35E8-BD3A-4716-B54C-0D68E7C38603}"
EndProject
Project("{FAE04EC0-301F-11D3-BF4B-00C04F79EFBC}") = "PS.Domain", "PS.Domain\PS.Domain.csproj", "{24E1259A-C763-4D0C-974E-3B242A72C422}"
EndProject
Project("{FAE04EC0-301F-11D3-BF4B-00C04F79EFBC}") = "PS.Infrastructure", "PS.Infrastructure\PS.Infrastructure.csproj", "{0F103C4F-3CB1-4776-8D0E-301C4D974D17}"
EndProject
Project("{FAE04EC0-301F-11D3-BF4B-00C04F79EFBC}") = "PS.Contracts", "PS.Contracts\PS.Contracts.csproj", "{43B0C8AE-CA2E-45BD-A6B2-7A8DD79CF7A2}"
EndProject
Global
	GlobalSection(SolutionConfigurationPlatforms) = preSolution
		Debug|Any CPU = Debug|Any CPU
		Release|Any CPU = Release|Any CPU
	EndGlobalSection
	GlobalSection(ProjectConfigurationPlatforms) = postSolution
		{69BE8122-7282-475D-8F42-017D8D72B4C0}.Debug|Any CPU.ActiveCfg = Debug|Any CPU
		{69BE8122-7282-475D-8F42-017D8D72B4C0}.Debug|Any CPU.Build.0 = Debug|Any CPU
		{69BE8122-7282-475D-8F42-017D8D72B4C0}.Release|Any CPU.ActiveCfg = Release|Any CPU
		{69BE8122-7282-475D-8F42-017D8D72B4C0}.Release|Any CPU.Build.0 = Release|Any CPU
		{D5560EF1-B454-4C69-97E7-2F259D122FCA}.Debug|Any CPU.ActiveCfg = Debug|Any CPU
		{D5560EF1-B454-4C69-97E7-2F259D122FCA}.Debug|Any CPU.Build.0 = Debug|Any CPU
		{D5560EF1-B454-4C69-97E7-2F259D122FCA}.Release|Any CPU.ActiveCfg = Release|Any CPU
		{D5560EF1-B454-4C69-97E7-2F259D122FCA}.Release|Any CPU.Build.0 = Release|Any CPU
		{0C456CF0-0A4A-4886-975B-69F2A84457BD}.Debug|Any CPU.ActiveCfg = Debug|Any CPU
		{0C456CF0-0A4A-4886-975B-69F2A84457BD}.Debug|Any CPU.Build.0 = Debug|Any CPU
		{0C456CF0-0A4A-4886-975B-69F2A84457BD}.Release|Any CPU.ActiveCfg = Release|Any CPU
		{0C456CF0-0A4A-4886-975B-69F2A84457BD}.Release|Any CPU.Build.0 = Release|Any CPU
		{D350F16F-96F0-4E59-83E2-3E0B248E43E2}.Debug|Any CPU.ActiveCfg = Debug|Any CPU
		{D350F16F-96F0-4E59-83E2-3E0B248E43E2}.Debug|Any CPU.Build.0 = Debug|Any CPU
		{D350F16F-96F0-4E59-83E2-3E0B248E43E2}.Release|Any CPU.ActiveCfg = Release|Any CPU
		{D350F16F-96F0-4E59-83E2-3E0B248E43E2}.Release|Any CPU.Build.0 = Release|Any CPU
		{3AAF35E8-BD3A-4716-B54C-0D68E7C38603}.Debug|Any CPU.ActiveCfg = Debug|Any CPU
		{3AAF35E8-BD3A-4716-B54C-0D68E7C38603}.Debug|Any CPU.Build.0 = Debug|Any CPU
		{3AAF35E8-BD3A-4716-B54C-0D68E7C38603}.Release|Any CPU.ActiveCfg = Release|Any CPU
		{3AAF35E8-BD3A-4716-B54C-0D68E7C38603}.Release|Any CPU.Build.0 = Release|Any CPU
		{24E1259A-C763-4D0C-974E-3B242A72C422}.Debug|Any CPU.ActiveCfg = Debug|Any CPU
		{24E1259A-C763-4D0C-974E-3B242A72C422}.Debug|Any CPU.Build.0 = Debug|Any CPU
		{24E1259A-C763-4D0C-974E-3B242A72C422}.Release|Any CPU.ActiveCfg = Release|Any CPU
		{24E1259A-C763-4D0C-974E-3B242A72C422}.Release|Any CPU.Build.0 = Release|Any CPU
		{0F103C4F-3CB1-4776-8D0E-301C4D974D17}.Debug|Any CPU.ActiveCfg = Debug|Any CPU
		{0F103C4F-3CB1-4776-8D0E-301C4D974D17}.Debug|Any CPU.Build.0 = Debug|Any CPU
		{0F103C4F-3CB1-4776-8D0E-301C4D974D17}.Release|Any CPU.ActiveCfg = Release|Any CPU
		{0F103C4F-3CB1-4776-8D0E-301C4D974D17}.Release|Any CPU.Build.0 = Release|Any CPU
		{43B0C8AE-CA2E-45BD-A6B2-7A8DD79CF7A2}.Debug|Any CPU.ActiveCfg = Debug|Any CPU
		{43B0C8AE-CA2E-45BD-A6B2-7A8DD79CF7A2}.Debug|Any CPU.Build.0 = Debug|Any CPU
		{43B0C8AE-CA2E-45BD-A6B2-7A8DD79CF7A2}.Release|Any CPU.ActiveCfg = Release|Any CPU
		{43B0C8AE-CA2E-45BD-A6B2-7A8DD79CF7A2}.Release|Any CPU.Build.0 = Release|Any CPU
	EndGlobalSection
	GlobalSection(SolutionProperties) = preSolution
		HideSolutionNode = FALSE
	EndGlobalSection
	GlobalSection(ExtensibilityGlobals) = postSolution
		SolutionGuid = {686980A9-E1C7-4F86-B8F2-163FE001E882}
	EndGlobalSection
EndGlobal
